
Microsoft Visual Studio Solution File, Format Version 12.00
# Visual Studio Version 16
VisualStudioVersion = 16.0.33328.57
MinimumVisualStudioVersion = 10.0.40219.1
Project("{FAE04EC0-301F-11D3-BF4B-00C04F79EFBC}") = "SkillFactory_8_6_2", "SkillFactory_8_6_2.csproj", "{BE4D81C8-BECE-4EF0-BC9D-12FC78ED1997}"
EndProject
Global
	GlobalSection(SolutionConfigurationPlatforms) = preSolution
		Debug|Any CPU = Debug|Any CPU
		Release|Any CPU = Release|Any CPU
	EndGlobalSection
	GlobalSection(ProjectConfigurationPlatforms) = postSolution
		{BE4D81C8-BECE-4EF0-BC9D-12FC78ED1997}.Debug|Any CPU.ActiveCfg = Debug|Any CPU
		{BE4D81C8-BECE-4EF0-BC9D-12FC78ED1997}.Debug|Any CPU.Build.0 = Debug|Any CPU
		{BE4D81C8-BECE-4EF0-BC9D-12FC78ED1997}.Release|Any CPU.ActiveCfg = Release|Any CPU
		{BE4D81C8-BECE-4EF0-BC9D-12FC78ED1997}.Release|Any CPU.Build.0 = Release|Any CPU
	EndGlobalSection
	GlobalSection(SolutionProperties) = preSolution
		HideSolutionNode = FALSE
	EndGlobalSection
	GlobalSection(ExtensibilityGlobals) = postSolution
		SolutionGuid = {0CA9617D-3870-4FCC-91E4-165D02A03628}
	EndGlobalSection
EndGlobal
